// !$*UTF8*$!
{
	archiveVersion = 1;
	classes = {
	};
	objectVersion = 50;
	objects = {

/* Begin PBXBuildFile section */
		CADB3BF722A0A993002A0C6C /* AppDelegate.swift in Sources */ = {isa = PBXBuildFile; fileRef = CADB3BF622A0A993002A0C6C /* AppDelegate.swift */; };
		CADB3BF922A0A993002A0C6C /* ViewController.swift in Sources */ = {isa = PBXBuildFile; fileRef = CADB3BF822A0A993002A0C6C /* ViewController.swift */; };
		CADB3BFC22A0A993002A0C6C /* Main.storyboard in Resources */ = {isa = PBXBuildFile; fileRef = CADB3BFA22A0A993002A0C6C /* Main.storyboard */; };
		CADB3BFE22A0A995002A0C6C /* Assets.xcassets in Resources */ = {isa = PBXBuildFile; fileRef = CADB3BFD22A0A995002A0C6C /* Assets.xcassets */; };
		CADB3C0122A0A995002A0C6C /* LaunchScreen.storyboard in Resources */ = {isa = PBXBuildFile; fileRef = CADB3BFF22A0A995002A0C6C /* LaunchScreen.storyboard */; };
		CADB3C0A22A0AA30002A0C6C /* libsqlite3.tbd in Frameworks */ = {isa = PBXBuildFile; fileRef = CADB3C0922A0AA30002A0C6C /* libsqlite3.tbd */; };
		CADB3C0C22A0BB0E002A0C6C /* Hero.swift in Sources */ = {isa = PBXBuildFile; fileRef = CADB3C0B22A0BB0E002A0C6C /* Hero.swift */; };
/* End PBXBuildFile section */

/* Begin PBXFileReference section */
		CADB3BF322A0A993002A0C6C /* SQLiteTest.app */ = {isa = PBXFileReference; explicitFileType = wrapper.application; includeInIndex = 0; path = SQLiteTest.app; sourceTree = BUILT_PRODUCTS_DIR; };
		CADB3BF622A0A993002A0C6C /* AppDelegate.swift */ = {isa = PBXFileReference; lastKnownFileType = sourcecode.swift; path = AppDelegate.swift; sourceTree = "<group>"; };
		CADB3BF822A0A993002A0C6C /* ViewController.swift */ = {isa = PBXFileReference; lastKnownFileType = sourcecode.swift; path = ViewController.swift; sourceTree = "<group>"; };
		CADB3BFB22A0A993002A0C6C /* Base */ = {isa = PBXFileReference; lastKnownFileType = file.storyboard; name = Base; path = Base.lproj/Main.storyboard; sourceTree = "<group>"; };
		CADB3BFD22A0A995002A0C6C /* Assets.xcassets */ = {isa = PBXFileReference; lastKnownFileType = folder.assetcatalog; path = Assets.xcassets; sourceTree = "<group>"; };
		CADB3C0022A0A995002A0C6C /* Base */ = {isa = PBXFileReference; lastKnownFileType = file.storyboard; name = Base; path = Base.lproj/LaunchScreen.storyboard; sourceTree = "<group>"; };
		CADB3C0222A0A995002A0C6C /* Info.plist */ = {isa = PBXFileReference; lastKnownFileType = text.plist.xml; path = Info.plist; sourceTree = "<group>"; };
		CADB3C0922A0AA30002A0C6C /* libsqlite3.tbd */ = {isa = PBXFileReference; lastKnownFileType = "sourcecode.text-based-dylib-definition"; name = libsqlite3.tbd; path = usr/lib/libsqlite3.tbd; sourceTree = SDKROOT; };
		CADB3C0B22A0BB0E002A0C6C /* Hero.swift */ = {isa = PBXFileReference; lastKnownFileType = sourcecode.swift; path = Hero.swift; sourceTree = "<group>"; };
/* End PBXFileReference section */

/* Begin PBXFrameworksBuildPhase section */
		CADB3BF022A0A993002A0C6C /* Frameworks */ = {
			isa = PBXFrameworksBuildPhase;
			buildActionMask = 2147483647;
			files = (
				CADB3C0A22A0AA30002A0C6C /* libsqlite3.tbd in Frameworks */,
			);
			runOnlyForDeploymentPostprocessing = 0;
		};
/* End PBXFrameworksBuildPhase section */

/* Begin PBXGroup section */
		CADB3BEA22A0A993002A0C6C = {
			isa = PBXGroup;
			children = (
				CADB3BF522A0A993002A0C6C /* SQLiteTest */,
				CADB3BF422A0A993002A0C6C /* Products */,
				CADB3C0822A0AA30002A0C6C /* Frameworks */,
			);
			sourceTree = "<group>";
		};
		CADB3BF422A0A993002A0C6C /* Products */ = {
			isa = PBXGroup;
			children = (
				CADB3BF322A0A993002A0C6C /* SQLiteTest.app */,
			);
			name = Products;
			sourceTree = "<group>";
		};
		CADB3BF522A0A993002A0C6C /* SQLiteTest */ = {
			isa = PBXGroup;
			children = (
				CADB3BF622A0A993002A0C6C /* AppDelegate.swift */,
				CADB3BF822A0A993002A0C6C /* ViewController.swift */,
				CADB3BFA22A0A993002A0C6C /* Main.storyboard */,
				CADB3BFD22A0A995002A0C6C /* Assets.xcassets */,
				CADB3BFF22A0A995002A0C6C /* LaunchScreen.storyboard */,
				CADB3C0222A0A995002A0C6C /* Info.plist */,
				CADB3C0B22A0BB0E002A0C6C /* Hero.swift */,
			);
			path = SQLiteTest;
			sourceTree = "<group>";
		};
		CADB3C0822A0AA30002A0C6C /* Frameworks */ = {
			isa = PBXGroup;
			children = (
				CADB3C0922A0AA30002A0C6C /* libsqlite3.tbd */,
			);
			name = Frameworks;
			sourceTree = "<group>";
		};
/* End PBXGroup section */

/* Begin PBXNativeTarget section */
		CADB3BF222A0A993002A0C6C /* SQLiteTest */ = {
			isa = PBXNativeTarget;
			buildConfigurationList = CADB3C0522A0A995002A0C6C /* Build configuration list for PBXNativeTarget "SQLiteTest" */;
			buildPhases = (
				CADB3BEF22A0A993002A0C6C /* Sources */,
				CADB3BF022A0A993002A0C6C /* Frameworks */,
				CADB3BF122A0A993002A0C6C /* Resources */,
			);
			buildRules = (
			);
			dependencies = (
			);
			name = SQLiteTest;
			productName = SQLiteTest;
			productReference = CADB3BF322A0A993002A0C6C /* SQLiteTest.app */;
			productType = "com.apple.product-type.application";
		};
/* End PBXNativeTarget section */

/* Begin PBXProject section */
		CADB3BEB22A0A993002A0C6C /* Project object */ = {
			isa = PBXProject;
			attributes = {
				LastSwiftUpdateCheck = 1020;
				LastUpgradeCheck = 1020;
				ORGANIZATIONNAME = "이상훈";
				TargetAttributes = {
					CADB3BF222A0A993002A0C6C = {
						CreatedOnToolsVersion = 10.2.1;
					};
				};
			};
			buildConfigurationList = CADB3BEE22A0A993002A0C6C /* Build configuration list for PBXProject "SQLiteTest" */;
			compatibilityVersion = "Xcode 9.3";
			developmentRegion = en;
			hasScannedForEncodings = 0;
			knownRegions = (
				en,
				Base,
			);
			mainGroup = CADB3BEA22A0A993002A0C6C;
			productRefGroup = CADB3BF422A0A993002A0C6C /* Products */;
			projectDirPath = "";
			projectRoot = "";
			targets = (
				CADB3BF222A0A993002A0C6C /* SQLiteTest */,
			);
		};
/* End PBXProject section */

/* Begin PBXResourcesBuildPhase section */
		CADB3BF122A0A993002A0C6C /* Resources */ = {
			isa = PBXResourcesBuildPhase;
			buildActionMask = 2147483647;
			files = (
				CADB3C0122A0A995002A0C6C /* LaunchScreen.storyboard in Resources */,
				CADB3BFE22A0A995002A0C6C /* Assets.xcassets in Resources */,
				CADB3BFC22A0A993002A0C6C /* Main.storyboard in Resources */,
			);
			runOnlyForDeploymentPostprocessing = 0;
		};
/* End PBXResourcesBuildPhase section */

/* Begin PBXSourcesBuildPhase section */
		CADB3BEF22A0A993002A0C6C /* Sources */ = {
			isa = PBXSourcesBuildPhase;
			buildActionMask = 2147483647;
			files = (
				CADB3BF922A0A993002A0C6C /* ViewController.swift in Sources */,
				CADB3BF722A0A993002A0C6C /* AppDelegate.swift in Sources */,
				CADB3C0C22A0BB0E002A0C6C /* Hero.swift in Sources */,
			);
			runOnlyForDeploymentPostprocessing = 0;
		};
/* End PBXSourcesBuildPhase section */

/* Begin PBXVariantGroup section */
		CADB3BFA22A0A993002A0C6C /* Main.storyboard */ = {
			isa = PBXVariantGroup;
			children = (
				CADB3BFB22A0A993002A0C6C /* Base */,
			);
			name = Main.storyboard;
			sourceTree = "<group>";
		};
		CADB3BFF22A0A995002A0C6C /* LaunchScreen.storyboard */ = {
			isa = PBXVariantGroup;
			children = (
				CADB3C0022A0A995002A0C6C /* Base */,
			);
			name = LaunchScreen.storyboard;
			sourceTree = "<group>";
		};
/* End PBXVariantGroup section */

/* Begin XCBuildConfiguration section */
		CADB3C0322A0A995002A0C6C /* Debug */ = {
			isa = XCBuildConfiguration;
			buildSettings = {
				ALWAYS_SEARCH_USER_PATHS = NO;
				CLANG_ANALYZER_NONNULL = YES;
				CLANG_ANALYZER_NUMBER_OBJECT_CONVERSION = YES_AGGRESSIVE;
				CLANG_CXX_LANGUAGE_STANDARD = "gnu++14";
				CLANG_CXX_LIBRARY = "libc++";
				CLANG_ENABLE_MODULES = YES;
				CLANG_ENABLE_OBJC_ARC = YES;
				CLANG_ENABLE_OBJC_WEAK = YES;
				CLANG_WARN_BLOCK_CAPTURE_AUTORELEASING = YES;
				CLANG_WARN_BOOL_CONVERSION = YES;
				CLANG_WARN_COMMA = YES;
				CLANG_WARN_CONSTANT_CONVERSION = YES;
				CLANG_WARN_DEPRECATED_OBJC_IMPLEMENTATIONS = YES;
				CLANG_WARN_DIRECT_OBJC_ISA_USAGE = YES_ERROR;
				CLANG_WARN_DOCUMENTATION_COMMENTS = YES;
				CLANG_WARN_EMPTY_BODY = YES;
				CLANG_WARN_ENUM_CONVERSION = YES;
				CLANG_WARN_INFINITE_RECURSION = YES;
				CLANG_WARN_INT_CONVERSION = YES;
				CLANG_WARN_NON_LITERAL_NULL_CONVERSION = YES;
				CLANG_WARN_OBJC_IMPLICIT_RETAIN_SELF = YES;
				CLANG_WARN_OBJC_LITERAL_CONVERSION = YES;
				CLANG_WARN_OBJC_ROOT_CLASS = YES_ERROR;
				CLANG_WARN_RANGE_LOOP_ANALYSIS = YES;
				CLANG_WARN_STRICT_PROTOTYPES = YES;
				CLANG_WARN_SUSPICIOUS_MOVE = YES;
				CLANG_WARN_UNGUARDED_AVAILABILITY = YES_AGGRESSIVE;
				CLANG_WARN_UNREACHABLE_CODE = YES;
				CLANG_WARN__DUPLICATE_METHOD_MATCH = YES;
				CODE_SIGN_IDENTITY = "iPhone Developer";
				COPY_PHASE_STRIP = NO;
				DEBUG_INFORMATION_FORMAT = dwarf;
				ENABLE_STRICT_OBJC_MSGSEND = YES;
				ENABLE_TESTABILITY = YES;
				GCC_C_LANGUAGE_STANDARD = gnu11;
				GCC_DYNAMIC_NO_PIC = NO;
				GCC_NO_COMMON_BLOCKS = YES;
				GCC_OPTIMIZATION_LEVEL = 0;
				GCC_PREPROCESSOR_DEFINITIONS = (
					"DEBUG=1",
					"$(inherited)",
				);
				GCC_WARN_64_TO_32_BIT_CONVERSION = YES;
				GCC_WARN_ABOUT_RETURN_TYPE = YES_ERROR;
				GCC_WARN_UNDECLARED_SELECTOR = YES;
				GCC_WARN_UNINITIALIZED_AUTOS = YES_AGGRESSIVE;
				GCC_WARN_UNUSED_FUNCTION = YES;
				GCC_WARN_UNUSED_VARIABLE = YES;
				IPHONEOS_DEPLOYMENT_TARGET = 12.2;
				MTL_ENABLE_DEBUG_INFO = INCLUDE_SOURCE;
				MTL_FAST_MATH = YES;
				ONLY_ACTIVE_ARCH = YES;
				SDKROOT = iphoneos;
				SWIFT_ACTIVE_COMPILATION_CONDITIONS = DEBUG;
				SWIFT_OPTIMIZATION_LEVEL = "-Onone";
			};
			name = Debug;
		};
		CADB3C0422A0A995002A0C6C /* Release */ = {
			isa = XCBuildConfiguration;
			buildSettings = {
				ALWAYS_SEARCH_USER_PATHS = NO;
				CLANG_ANALYZER_NONNULL = YES;
				CLANG_ANALYZER_NUMBER_OBJECT_CONVERSION = YES_AGGRESSIVE;
				CLANG_CXX_LANGUAGE_STANDARD = "gnu++14";
				CLANG_CXX_LIBRARY = "libc++";
				CLANG_ENABLE_MODULES = YES;
				CLANG_ENABLE_OBJC_ARC = YES;
				CLANG_ENABLE_OBJC_WEAK = YES;
				CLANG_WARN_BLOCK_CAPTURE_AUTORELEASING = YES;
				CLANG_WARN_BOOL_CONVERSION = YES;
				CLANG_WARN_COMMA = YES;
				CLANG_WARN_CONSTANT_CONVERSION = YES;
				CLANG_WARN_DEPRECATED_OBJC_IMPLEMENTATIONS = YES;
				CLANG_WARN_DIRECT_OBJC_ISA_USAGE = YES_ERROR;
				CLANG_WARN_DOCUMENTATION_COMMENTS = YES;
				CLANG_WARN_EMPTY_BODY = YES;
				CLANG_WARN_ENUM_CONVERSION = YES;
				CLANG_WARN_INFINITE_RECURSION = YES;
				CLANG_WARN_INT_CONVERSION = YES;
				CLANG_WARN_NON_LITERAL_NULL_CONVERSION = YES;
				CLANG_WARN_OBJC_IMPLICIT_RETAIN_SELF = YES;
				CLANG_WARN_OBJC_LITERAL_CONVERSION = YES;
				CLANG_WARN_OBJC_ROOT_CLASS = YES_ERROR;
				CLANG_WARN_RANGE_LOOP_ANALYSIS = YES;
				CLANG_WARN_STRICT_PROTOTYPES = YES;
				CLANG_WARN_SUSPICIOUS_MOVE = YES;
				CLANG_WARN_UNGUARDED_AVAILABILITY = YES_AGGRESSIVE;
				CLANG_WARN_UNREACHABLE_CODE = YES;
				CLANG_WARN__DUPLICATE_METHOD_MATCH = YES;
				CODE_SIGN_IDENTITY = "iPhone Developer";
				COPY_PHASE_STRIP = NO;
				DEBUG_INFORMATION_FORMAT = "dwarf-with-dsym";
				ENABLE_NS_ASSERTIONS = NO;
				ENABLE_STRICT_OBJC_MSGSEND = YES;
				GCC_C_LANGUAGE_STANDARD = gnu11;
				GCC_NO_COMMON_BLOCKS = YES;
				GCC_WARN_64_TO_32_BIT_CONVERSION = YES;
				GCC_WARN_ABOUT_RETURN_TYPE = YES_ERROR;
				GCC_WARN_UNDECLARED_SELECTOR = YES;
				GCC_WARN_UNINITIALIZED_AUTOS = YES_AGGRESSIVE;
				GCC_WARN_UNUSED_FUNCTION = YES;
				GCC_WARN_UNUSED_VARIABLE = YES;
				IPHONEOS_DEPLOYMENT_TARGET = 12.2;
				MTL_ENABLE_DEBUG_INFO = NO;
				MTL_FAST_MATH = YES;
				SDKROOT = iphoneos;
				SWIFT_COMPILATION_MODE = wholemodule;
				SWIFT_OPTIMIZATION_LEVEL = "-O";
				VALIDATE_PRODUCT = YES;
			};
			name = Release;
		};
		CADB3C0622A0A995002A0C6C /* Debug */ = {
			isa = XCBuildConfiguration;
			buildSettings = {
				ASSETCATALOG_COMPILER_APPICON_NAME = AppIcon;
				CODE_SIGN_STYLE = Automatic;
				INFOPLIST_FILE = SQLiteTest/Info.plist;
				LD_RUNPATH_SEARCH_PATHS = (
					"$(inherited)",
					"@executable_path/Frameworks",
				);
				PRODUCT_BUNDLE_IDENTIFIER = sanghoonLee.SQLiteTest;
				PRODUCT_NAME = "$(TARGET_NAME)";
				SWIFT_VERSION = 5.0;
				TARGETED_DEVICE_FAMILY = "1,2";
			};
			name = Debug;
		};
		CADB3C0722A0A995002A0C6C /* Release */ = {
			isa = XCBuildConfiguration;
			buildSettings = {
				ASSETCATALOG_COMPILER_APPICON_NAME = AppIcon;
				CODE_SIGN_STYLE = Automatic;
				INFOPLIST_FILE = SQLiteTest/Info.plist;
				LD_RUNPATH_SEARCH_PATHS = (
					"$(inherited)",
					"@executable_path/Frameworks",
				);
				PRODUCT_BUNDLE_IDENTIFIER = sanghoonLee.SQLiteTest;
				PRODUCT_NAME = "$(TARGET_NAME)";
				SWIFT_VERSION = 5.0;
				TARGETED_DEVICE_FAMILY = "1,2";
			};
			name = Release;
		};
/* End XCBuildConfiguration section */

/* Begin XCConfigurationList section */
		CADB3BEE22A0A993002A0C6C /* Build configuration list for PBXProject "SQLiteTest" */ = {
			isa = XCConfigurationList;
			buildConfigurations = (
				CADB3C0322A0A995002A0C6C /* Debug */,
				CADB3C0422A0A995002A0C6C /* Release */,
			);
			defaultConfigurationIsVisible = 0;
			defaultConfigurationName = Release;
		};
		CADB3C0522A0A995002A0C6C /* Build configuration list for PBXNativeTarget "SQLiteTest" */ = {
			isa = XCConfigurationList;
			buildConfigurations = (
				CADB3C0622A0A995002A0C6C /* Debug */,
				CADB3C0722A0A995002A0C6C /* Release */,
			);
			defaultConfigurationIsVisible = 0;
			defaultConfigurationName = Release;
		};
/* End XCConfigurationList section */
	};
	rootObject = CADB3BEB22A0A993002A0C6C /* Project object */;
}
